// !$*UTF8*$!
{
	archiveVersion = 1;
	classes = {
	};
	objectVersion = 56;
	objects = {

/* Begin PBXBuildFile section */
		F144FB552BA5CDC700360B53 /* Expression in Frameworks */ = {isa = PBXBuildFile; productRef = F144FB542BA5CDC700360B53 /* Expression */; };
		F15E73492B9B367000207B4B /* AppDelegate.swift in Sources */ = {isa = PBXBuildFile; fileRef = F15E73482B9B367000207B4B /* AppDelegate.swift */; };
		F15E734B2B9B367000207B4B /* SceneDelegate.swift in Sources */ = {isa = PBXBuildFile; fileRef = F15E734A2B9B367000207B4B /* SceneDelegate.swift */; };
		F15E734D2B9B367000207B4B /* ViewController.swift in Sources */ = {isa = PBXBuildFile; fileRef = F15E734C2B9B367000207B4B /* ViewController.swift */; };
		F15E73522B9B367200207B4B /* Assets.xcassets in Resources */ = {isa = PBXBuildFile; fileRef = F15E73512B9B367200207B4B /* Assets.xcassets */; };
		F15E73552B9B367200207B4B /* LaunchScreen.storyboard in Resources */ = {isa = PBXBuildFile; fileRef = F15E73532B9B367200207B4B /* LaunchScreen.storyboard */; };
		F15E73602B9B367200207B4B /* ex02Tests.swift in Sources */ = {isa = PBXBuildFile; fileRef = F15E735F2B9B367200207B4B /* ex02Tests.swift */; };
		F15E736A2B9B367200207B4B /* ex02UITests.swift in Sources */ = {isa = PBXBuildFile; fileRef = F15E73692B9B367200207B4B /* ex02UITests.swift */; };
		F15E736C2B9B367200207B4B /* ex02UITestsLaunchTests.swift in Sources */ = {isa = PBXBuildFile; fileRef = F15E736B2B9B367200207B4B /* ex02UITestsLaunchTests.swift */; };
/* End PBXBuildFile section */

/* Begin PBXContainerItemProxy section */
		F15E735C2B9B367200207B4B /* PBXContainerItemProxy */ = {
			isa = PBXContainerItemProxy;
			containerPortal = F15E733D2B9B367000207B4B /* Project object */;
			proxyType = 1;
			remoteGlobalIDString = F15E73442B9B367000207B4B;
			remoteInfo = ex02;
		};
		F15E73662B9B367200207B4B /* PBXContainerItemProxy */ = {
			isa = PBXContainerItemProxy;
			containerPortal = F15E733D2B9B367000207B4B /* Project object */;
			proxyType = 1;
			remoteGlobalIDString = F15E73442B9B367000207B4B;
			remoteInfo = ex02;
		};
/* End PBXContainerItemProxy section */

/* Begin PBXFileReference section */
		F15E73452B9B367000207B4B /* ex02.app */ = {isa = PBXFileReference; explicitFileType = wrapper.application; includeInIndex = 0; path = ex02.app; sourceTree = BUILT_PRODUCTS_DIR; };
		F15E73482B9B367000207B4B /* AppDelegate.swift */ = {isa = PBXFileReference; lastKnownFileType = sourcecode.swift; path = AppDelegate.swift; sourceTree = "<group>"; };
		F15E734A2B9B367000207B4B /* SceneDelegate.swift */ = {isa = PBXFileReference; lastKnownFileType = sourcecode.swift; path = SceneDelegate.swift; sourceTree = "<group>"; };
		F15E734C2B9B367000207B4B /* ViewController.swift */ = {isa = PBXFileReference; lastKnownFileType = sourcecode.swift; path = ViewController.swift; sourceTree = "<group>"; };
		F15E73512B9B367200207B4B /* Assets.xcassets */ = {isa = PBXFileReference; lastKnownFileType = folder.assetcatalog; path = Assets.xcassets; sourceTree = "<group>"; };
		F15E73542B9B367200207B4B /* Base */ = {isa = PBXFileReference; lastKnownFileType = file.storyboard; name = Base; path = Base.lproj/LaunchScreen.storyboard; sourceTree = "<group>"; };
		F15E73562B9B367200207B4B /* Info.plist */ = {isa = PBXFileReference; lastKnownFileType = text.plist.xml; path = Info.plist; sourceTree = "<group>"; };
		F15E735B2B9B367200207B4B /* ex02Tests.xctest */ = {isa = PBXFileReference; explicitFileType = wrapper.cfbundle; includeInIndex = 0; path = ex02Tests.xctest; sourceTree = BUILT_PRODUCTS_DIR; };
		F15E735F2B9B367200207B4B /* ex02Tests.swift */ = {isa = PBXFileReference; lastKnownFileType = sourcecode.swift; path = ex02Tests.swift; sourceTree = "<group>"; };
		F15E73652B9B367200207B4B /* ex02UITests.xctest */ = {isa = PBXFileReference; explicitFileType = wrapper.cfbundle; includeInIndex = 0; path = ex02UITests.xctest; sourceTree = BUILT_PRODUCTS_DIR; };
		F15E73692B9B367200207B4B /* ex02UITests.swift */ = {isa = PBXFileReference; lastKnownFileType = sourcecode.swift; path = ex02UITests.swift; sourceTree = "<group>"; };
		F15E736B2B9B367200207B4B /* ex02UITestsLaunchTests.swift */ = {isa = PBXFileReference; lastKnownFileType = sourcecode.swift; path = ex02UITestsLaunchTests.swift; sourceTree = "<group>"; };
/* End PBXFileReference section */

/* Begin PBXFrameworksBuildPhase section */
		F15E73422B9B367000207B4B /* Frameworks */ = {
			isa = PBXFrameworksBuildPhase;
			buildActionMask = 2147483647;
			files = (
				F144FB552BA5CDC700360B53 /* Expression in Frameworks */,
			);
			runOnlyForDeploymentPostprocessing = 0;
		};
		F15E73582B9B367200207B4B /* Frameworks */ = {
			isa = PBXFrameworksBuildPhase;
			buildActionMask = 2147483647;
			files = (
			);
			runOnlyForDeploymentPostprocessing = 0;
		};
		F15E73622B9B367200207B4B /* Frameworks */ = {
			isa = PBXFrameworksBuildPhase;
			buildActionMask = 2147483647;
			files = (
			);
			runOnlyForDeploymentPostprocessing = 0;
		};
/* End PBXFrameworksBuildPhase section */

/* Begin PBXGroup section */
		F15E733C2B9B367000207B4B = {
			isa = PBXGroup;
			children = (
				F15E73472B9B367000207B4B /* mobileModule00 */,
				F15E735E2B9B367200207B4B /* ex02Tests */,
				F15E73682B9B367200207B4B /* ex02UITests */,
				F15E73462B9B367000207B4B /* Products */,
			);
			sourceTree = "<group>";
		};
		F15E73462B9B367000207B4B /* Products */ = {
			isa = PBXGroup;
			children = (
				F15E73452B9B367000207B4B /* ex02.app */,
				F15E735B2B9B367200207B4B /* ex02Tests.xctest */,
				F15E73652B9B367200207B4B /* ex02UITests.xctest */,
			);
			name = Products;
			sourceTree = "<group>";
		};
		F15E73472B9B367000207B4B /* mobileModule00 */ = {
			isa = PBXGroup;
			children = (
				F15E73482B9B367000207B4B /* AppDelegate.swift */,
				F15E734A2B9B367000207B4B /* SceneDelegate.swift */,
				F15E734C2B9B367000207B4B /* ViewController.swift */,
				F15E73512B9B367200207B4B /* Assets.xcassets */,
				F15E73532B9B367200207B4B /* LaunchScreen.storyboard */,
				F15E73562B9B367200207B4B /* Info.plist */,
			);
			path = mobileModule00;
			sourceTree = "<group>";
		};
		F15E735E2B9B367200207B4B /* ex02Tests */ = {
			isa = PBXGroup;
			children = (
				F15E735F2B9B367200207B4B /* ex02Tests.swift */,
			);
			path = ex02Tests;
			sourceTree = "<group>";
		};
		F15E73682B9B367200207B4B /* ex02UITests */ = {
			isa = PBXGroup;
			children = (
				F15E73692B9B367200207B4B /* ex02UITests.swift */,
				F15E736B2B9B367200207B4B /* ex02UITestsLaunchTests.swift */,
			);
			path = ex02UITests;
			sourceTree = "<group>";
		};
/* End PBXGroup section */

/* Begin PBXNativeTarget section */
		F15E73442B9B367000207B4B /* ex02 */ = {
			isa = PBXNativeTarget;
			buildConfigurationList = F15E736F2B9B367200207B4B /* Build configuration list for PBXNativeTarget "ex02" */;
			buildPhases = (
				F15E73412B9B367000207B4B /* Sources */,
				F15E73422B9B367000207B4B /* Frameworks */,
				F15E73432B9B367000207B4B /* Resources */,
			);
			buildRules = (
			);
			dependencies = (
			);
			name = ex02;
			packageProductDependencies = (
				F144FB542BA5CDC700360B53 /* Expression */,
			);
			productName = ex02;
			productReference = F15E73452B9B367000207B4B /* ex02.app */;
			productType = "com.apple.product-type.application";
		};
		F15E735A2B9B367200207B4B /* ex02Tests */ = {
			isa = PBXNativeTarget;
			buildConfigurationList = F15E73722B9B367200207B4B /* Build configuration list for PBXNativeTarget "ex02Tests" */;
			buildPhases = (
				F15E73572B9B367200207B4B /* Sources */,
				F15E73582B9B367200207B4B /* Frameworks */,
				F15E73592B9B367200207B4B /* Resources */,
			);
			buildRules = (
			);
			dependencies = (
				F15E735D2B9B367200207B4B /* PBXTargetDependency */,
			);
			name = ex02Tests;
			productName = ex02Tests;
			productReference = F15E735B2B9B367200207B4B /* ex02Tests.xctest */;
			productType = "com.apple.product-type.bundle.unit-test";
		};
		F15E73642B9B367200207B4B /* ex02UITests */ = {
			isa = PBXNativeTarget;
			buildConfigurationList = F15E73752B9B367200207B4B /* Build configuration list for PBXNativeTarget "ex02UITests" */;
			buildPhases = (
				F15E73612B9B367200207B4B /* Sources */,
				F15E73622B9B367200207B4B /* Frameworks */,
				F15E73632B9B367200207B4B /* Resources */,
			);
			buildRules = (
			);
			dependencies = (
				F15E73672B9B367200207B4B /* PBXTargetDependency */,
			);
			name = ex02UITests;
			productName = ex02UITests;
			productReference = F15E73652B9B367200207B4B /* ex02UITests.xctest */;
			productType = "com.apple.product-type.bundle.ui-testing";
		};
/* End PBXNativeTarget section */

/* Begin PBXProject section */
		F15E733D2B9B367000207B4B /* Project object */ = {
			isa = PBXProject;
			attributes = {
				BuildIndependentTargetsInParallel = 1;
				LastSwiftUpdateCheck = 1520;
				LastUpgradeCheck = 1520;
				TargetAttributes = {
					F15E73442B9B367000207B4B = {
						CreatedOnToolsVersion = 15.2;
					};
					F15E735A2B9B367200207B4B = {
						CreatedOnToolsVersion = 15.2;
						TestTargetID = F15E73442B9B367000207B4B;
					};
					F15E73642B9B367200207B4B = {
						CreatedOnToolsVersion = 15.2;
						TestTargetID = F15E73442B9B367000207B4B;
					};
				};
			};
			buildConfigurationList = F15E73402B9B367000207B4B /* Build configuration list for PBXProject "ex02" */;
			compatibilityVersion = "Xcode 14.0";
			developmentRegion = en;
			hasScannedForEncodings = 0;
			knownRegions = (
				en,
				Base,
			);
			mainGroup = F15E733C2B9B367000207B4B;
			packageReferences = (
				F144FB532BA5CDC700360B53 /* XCRemoteSwiftPackageReference "Expression" */,
			);
			productRefGroup = F15E73462B9B367000207B4B /* Products */;
			projectDirPath = "";
			projectRoot = "";
			targets = (
				F15E73442B9B367000207B4B /* ex02 */,
				F15E735A2B9B367200207B4B /* ex02Tests */,
				F15E73642B9B367200207B4B /* ex02UITests */,
			);
		};
/* End PBXProject section */

/* Begin PBXResourcesBuildPhase section */
		F15E73432B9B367000207B4B /* Resources */ = {
			isa = PBXResourcesBuildPhase;
			buildActionMask = 2147483647;
			files = (
				F15E73552B9B367200207B4B /* LaunchScreen.storyboard in Resources */,
				F15E73522B9B367200207B4B /* Assets.xcassets in Resources */,
			);
			runOnlyForDeploymentPostprocessing = 0;
		};
		F15E73592B9B367200207B4B /* Resources */ = {
			isa = PBXResourcesBuildPhase;
			buildActionMask = 2147483647;
			files = (
			);
			runOnlyForDeploymentPostprocessing = 0;
		};
		F15E73632B9B367200207B4B /* Resources */ = {
			isa = PBXResourcesBuildPhase;
			buildActionMask = 2147483647;
			files = (
			);
			runOnlyForDeploymentPostprocessing = 0;
		};
/* End PBXResourcesBuildPhase section */

/* Begin PBXSourcesBuildPhase section */
		F15E73412B9B367000207B4B /* Sources */ = {
			isa = PBXSourcesBuildPhase;
			buildActionMask = 2147483647;
			files = (
				F15E734D2B9B367000207B4B /* ViewController.swift in Sources */,
				F15E73492B9B367000207B4B /* AppDelegate.swift in Sources */,
				F15E734B2B9B367000207B4B /* SceneDelegate.swift in Sources */,
			);
			runOnlyForDeploymentPostprocessing = 0;
		};
		F15E73572B9B367200207B4B /* Sources */ = {
			isa = PBXSourcesBuildPhase;
			buildActionMask = 2147483647;
			files = (
				F15E73602B9B367200207B4B /* ex02Tests.swift in Sources */,
			);
			runOnlyForDeploymentPostprocessing = 0;
		};
		F15E73612B9B367200207B4B /* Sources */ = {
			isa = PBXSourcesBuildPhase;
			buildActionMask = 2147483647;
			files = (
				F15E736A2B9B367200207B4B /* ex02UITests.swift in Sources */,
				F15E736C2B9B367200207B4B /* ex02UITestsLaunchTests.swift in Sources */,
			);
			runOnlyForDeploymentPostprocessing = 0;
		};
/* End PBXSourcesBuildPhase section */

/* Begin PBXTargetDependency section */
		F15E735D2B9B367200207B4B /* PBXTargetDependency */ = {
			isa = PBXTargetDependency;
			target = F15E73442B9B367000207B4B /* ex02 */;
			targetProxy = F15E735C2B9B367200207B4B /* PBXContainerItemProxy */;
		};
		F15E73672B9B367200207B4B /* PBXTargetDependency */ = {
			isa = PBXTargetDependency;
			target = F15E73442B9B367000207B4B /* ex02 */;
			targetProxy = F15E73662B9B367200207B4B /* PBXContainerItemProxy */;
		};
/* End PBXTargetDependency section */

/* Begin PBXVariantGroup section */
		F15E73532B9B367200207B4B /* LaunchScreen.storyboard */ = {
			isa = PBXVariantGroup;
			children = (
				F15E73542B9B367200207B4B /* Base */,
			);
			name = LaunchScreen.storyboard;
			sourceTree = "<group>";
		};
/* End PBXVariantGroup section */

/* Begin XCBuildConfiguration section */
		F15E736D2B9B367200207B4B /* Debug */ = {
			isa = XCBuildConfiguration;
			buildSettings = {
				ALWAYS_SEARCH_USER_PATHS = NO;
				ASSETCATALOG_COMPILER_GENERATE_SWIFT_ASSET_SYMBOL_EXTENSIONS = YES;
				CLANG_ANALYZER_NONNULL = YES;
				CLANG_ANALYZER_NUMBER_OBJECT_CONVERSION = YES_AGGRESSIVE;
				CLANG_CXX_LANGUAGE_STANDARD = "gnu++20";
				CLANG_ENABLE_MODULES = YES;
				CLANG_ENABLE_OBJC_ARC = YES;
				CLANG_ENABLE_OBJC_WEAK = YES;
				CLANG_WARN_BLOCK_CAPTURE_AUTORELEASING = YES;
				CLANG_WARN_BOOL_CONVERSION = YES;
				CLANG_WARN_COMMA = YES;
				CLANG_WARN_CONSTANT_CONVERSION = YES;
				CLANG_WARN_DEPRECATED_OBJC_IMPLEMENTATIONS = YES;
				CLANG_WARN_DIRECT_OBJC_ISA_USAGE = YES_ERROR;
				CLANG_WARN_DOCUMENTATION_COMMENTS = YES;
				CLANG_WARN_EMPTY_BODY = YES;
				CLANG_WARN_ENUM_CONVERSION = YES;
				CLANG_WARN_INFINITE_RECURSION = YES;
				CLANG_WARN_INT_CONVERSION = YES;
				CLANG_WARN_NON_LITERAL_NULL_CONVERSION = YES;
				CLANG_WARN_OBJC_IMPLICIT_RETAIN_SELF = YES;
				CLANG_WARN_OBJC_LITERAL_CONVERSION = YES;
				CLANG_WARN_OBJC_ROOT_CLASS = YES_ERROR;
				CLANG_WARN_QUOTED_INCLUDE_IN_FRAMEWORK_HEADER = YES;
				CLANG_WARN_RANGE_LOOP_ANALYSIS = YES;
				CLANG_WARN_STRICT_PROTOTYPES = YES;
				CLANG_WARN_SUSPICIOUS_MOVE = YES;
				CLANG_WARN_UNGUARDED_AVAILABILITY = YES_AGGRESSIVE;
				CLANG_WARN_UNREACHABLE_CODE = YES;
				CLANG_WARN__DUPLICATE_METHOD_MATCH = YES;
				COPY_PHASE_STRIP = NO;
				DEBUG_INFORMATION_FORMAT = dwarf;
				ENABLE_STRICT_OBJC_MSGSEND = YES;
				ENABLE_TESTABILITY = YES;
				ENABLE_USER_SCRIPT_SANDBOXING = YES;
				GCC_C_LANGUAGE_STANDARD = gnu17;
				GCC_DYNAMIC_NO_PIC = NO;
				GCC_NO_COMMON_BLOCKS = YES;
				GCC_OPTIMIZATION_LEVEL = 0;
				GCC_PREPROCESSOR_DEFINITIONS = (
					"DEBUG=1",
					"$(inherited)",
				);
				GCC_WARN_64_TO_32_BIT_CONVERSION = YES;
				GCC_WARN_ABOUT_RETURN_TYPE = YES_ERROR;
				GCC_WARN_UNDECLARED_SELECTOR = YES;
				GCC_WARN_UNINITIALIZED_AUTOS = YES_AGGRESSIVE;
				GCC_WARN_UNUSED_FUNCTION = YES;
				GCC_WARN_UNUSED_VARIABLE = YES;
				IPHONEOS_DEPLOYMENT_TARGET = 17.2;
				LOCALIZATION_PREFERS_STRING_CATALOGS = YES;
				MTL_ENABLE_DEBUG_INFO = INCLUDE_SOURCE;
				MTL_FAST_MATH = YES;
				ONLY_ACTIVE_ARCH = YES;
				SDKROOT = iphoneos;
				SWIFT_ACTIVE_COMPILATION_CONDITIONS = "DEBUG $(inherited)";
				SWIFT_OPTIMIZATION_LEVEL = "-Onone";
			};
			name = Debug;
		};
		F15E736E2B9B367200207B4B /* Release */ = {
			isa = XCBuildConfiguration;
			buildSettings = {
				ALWAYS_SEARCH_USER_PATHS = NO;
				ASSETCATALOG_COMPILER_GENERATE_SWIFT_ASSET_SYMBOL_EXTENSIONS = YES;
				CLANG_ANALYZER_NONNULL = YES;
				CLANG_ANALYZER_NUMBER_OBJECT_CONVERSION = YES_AGGRESSIVE;
				CLANG_CXX_LANGUAGE_STANDARD = "gnu++20";
				CLANG_ENABLE_MODULES = YES;
				CLANG_ENABLE_OBJC_ARC = YES;
				CLANG_ENABLE_OBJC_WEAK = YES;
				CLANG_WARN_BLOCK_CAPTURE_AUTORELEASING = YES;
				CLANG_WARN_BOOL_CONVERSION = YES;
				CLANG_WARN_COMMA = YES;
				CLANG_WARN_CONSTANT_CONVERSION = YES;
				CLANG_WARN_DEPRECATED_OBJC_IMPLEMENTATIONS = YES;
				CLANG_WARN_DIRECT_OBJC_ISA_USAGE = YES_ERROR;
				CLANG_WARN_DOCUMENTATION_COMMENTS = YES;
				CLANG_WARN_EMPTY_BODY = YES;
				CLANG_WARN_ENUM_CONVERSION = YES;
				CLANG_WARN_INFINITE_RECURSION = YES;
				CLANG_WARN_INT_CONVERSION = YES;
				CLANG_WARN_NON_LITERAL_NULL_CONVERSION = YES;
				CLANG_WARN_OBJC_IMPLICIT_RETAIN_SELF = YES;
				CLANG_WARN_OBJC_LITERAL_CONVERSION = YES;
				CLANG_WARN_OBJC_ROOT_CLASS = YES_ERROR;
				CLANG_WARN_QUOTED_INCLUDE_IN_FRAMEWORK_HEADER = YES;
				CLANG_WARN_RANGE_LOOP_ANALYSIS = YES;
				CLANG_WARN_STRICT_PROTOTYPES = YES;
				CLANG_WARN_SUSPICIOUS_MOVE = YES;
				CLANG_WARN_UNGUARDED_AVAILABILITY = YES_AGGRESSIVE;
				CLANG_WARN_UNREACHABLE_CODE = YES;
				CLANG_WARN__DUPLICATE_METHOD_MATCH = YES;
				COPY_PHASE_STRIP = NO;
				DEBUG_INFORMATION_FORMAT = "dwarf-with-dsym";
				ENABLE_NS_ASSERTIONS = NO;
				ENABLE_STRICT_OBJC_MSGSEND = YES;
				ENABLE_USER_SCRIPT_SANDBOXING = YES;
				GCC_C_LANGUAGE_STANDARD = gnu17;
				GCC_NO_COMMON_BLOCKS = YES;
				GCC_WARN_64_TO_32_BIT_CONVERSION = YES;
				GCC_WARN_ABOUT_RETURN_TYPE = YES_ERROR;
				GCC_WARN_UNDECLARED_SELECTOR = YES;
				GCC_WARN_UNINITIALIZED_AUTOS = YES_AGGRESSIVE;
				GCC_WARN_UNUSED_FUNCTION = YES;
				GCC_WARN_UNUSED_VARIABLE = YES;
				IPHONEOS_DEPLOYMENT_TARGET = 17.2;
				LOCALIZATION_PREFERS_STRING_CATALOGS = YES;
				MTL_ENABLE_DEBUG_INFO = NO;
				MTL_FAST_MATH = YES;
				SDKROOT = iphoneos;
				SWIFT_COMPILATION_MODE = wholemodule;
				VALIDATE_PRODUCT = YES;
			};
			name = Release;
		};
		F15E73702B9B367200207B4B /* Debug */ = {
			isa = XCBuildConfiguration;
			buildSettings = {
				ASSETCATALOG_COMPILER_APPICON_NAME = AppIcon;
				ASSETCATALOG_COMPILER_GLOBAL_ACCENT_COLOR_NAME = AccentColor;
				CODE_SIGN_STYLE = Automatic;
				CURRENT_PROJECT_VERSION = 1;
				GENERATE_INFOPLIST_FILE = YES;
				INFOPLIST_FILE = mobileModule00/Info.plist;
				INFOPLIST_KEY_UIApplicationSupportsIndirectInputEvents = YES;
				INFOPLIST_KEY_UILaunchStoryboardName = LaunchScreen;
				INFOPLIST_KEY_UIMainStoryboardFile = "";
				INFOPLIST_KEY_UISupportedInterfaceOrientations = "UIInterfaceOrientationLandscapeLeft UIInterfaceOrientationLandscapeRight UIInterfaceOrientationPortrait";
				LD_RUNPATH_SEARCH_PATHS = (
					"$(inherited)",
					"@executable_path/Frameworks",
				);
				MARKETING_VERSION = 1.0;
				PRODUCT_BUNDLE_IDENTIFIER = IosSwiftUI.ex02;
				PRODUCT_NAME = "$(TARGET_NAME)";
				SWIFT_EMIT_LOC_STRINGS = YES;
				SWIFT_VERSION = 5.0;
				TARGETED_DEVICE_FAMILY = "1,2";
			};
			name = Debug;
		};
		F15E73712B9B367200207B4B /* Release */ = {
			isa = XCBuildConfiguration;
			buildSettings = {
				ASSETCATALOG_COMPILER_APPICON_NAME = AppIcon;
				ASSETCATALOG_COMPILER_GLOBAL_ACCENT_COLOR_NAME = AccentColor;
				CODE_SIGN_STYLE = Automatic;
				CURRENT_PROJECT_VERSION = 1;
				GENERATE_INFOPLIST_FILE = YES;
				INFOPLIST_FILE = mobileModule00/Info.plist;
				INFOPLIST_KEY_UIApplicationSupportsIndirectInputEvents = YES;
				INFOPLIST_KEY_UILaunchStoryboardName = LaunchScreen;
				INFOPLIST_KEY_UIMainStoryboardFile = "";
				INFOPLIST_KEY_UISupportedInterfaceOrientations = "UIInterfaceOrientationLandscapeLeft UIInterfaceOrientationLandscapeRight UIInterfaceOrientationPortrait";
				LD_RUNPATH_SEARCH_PATHS = (
					"$(inherited)",
					"@executable_path/Frameworks",
				);
				MARKETING_VERSION = 1.0;
				PRODUCT_BUNDLE_IDENTIFIER = IosSwiftUI.ex02;
				PRODUCT_NAME = "$(TARGET_NAME)";
				SWIFT_EMIT_LOC_STRINGS = YES;
				SWIFT_VERSION = 5.0;
				TARGETED_DEVICE_FAMILY = "1,2";
			};
			name = Release;
		};
		F15E73732B9B367200207B4B /* Debug */ = {
			isa = XCBuildConfiguration;
			buildSettings = {
				ALWAYS_EMBED_SWIFT_STANDARD_LIBRARIES = YES;
				BUNDLE_LOADER = "$(TEST_HOST)";
				CODE_SIGN_STYLE = Automatic;
				CURRENT_PROJECT_VERSION = 1;
				GENERATE_INFOPLIST_FILE = YES;
				IPHONEOS_DEPLOYMENT_TARGET = 17.2;
				MARKETING_VERSION = 1.0;
				PRODUCT_BUNDLE_IDENTIFIER = IosSwiftUI.ex02Tests;
				PRODUCT_NAME = "$(TARGET_NAME)";
				SWIFT_EMIT_LOC_STRINGS = NO;
				SWIFT_VERSION = 5.0;
				TARGETED_DEVICE_FAMILY = "1,2";
				TEST_HOST = "$(BUILT_PRODUCTS_DIR)/ex02.app/$(BUNDLE_EXECUTABLE_FOLDER_PATH)/ex02";
			};
			name = Debug;
		};
		F15E73742B9B367200207B4B /* Release */ = {
			isa = XCBuildConfiguration;
			buildSettings = {
				ALWAYS_EMBED_SWIFT_STANDARD_LIBRARIES = YES;
				BUNDLE_LOADER = "$(TEST_HOST)";
				CODE_SIGN_STYLE = Automatic;
				CURRENT_PROJECT_VERSION = 1;
				GENERATE_INFOPLIST_FILE = YES;
				IPHONEOS_DEPLOYMENT_TARGET = 17.2;
				MARKETING_VERSION = 1.0;
				PRODUCT_BUNDLE_IDENTIFIER = IosSwiftUI.ex02Tests;
				PRODUCT_NAME = "$(TARGET_NAME)";
				SWIFT_EMIT_LOC_STRINGS = NO;
				SWIFT_VERSION = 5.0;
				TARGETED_DEVICE_FAMILY = "1,2";
				TEST_HOST = "$(BUILT_PRODUCTS_DIR)/ex02.app/$(BUNDLE_EXECUTABLE_FOLDER_PATH)/ex02";
			};
			name = Release;
		};
		F15E73762B9B367200207B4B /* Debug */ = {
			isa = XCBuildConfiguration;
			buildSettings = {
				ALWAYS_EMBED_SWIFT_STANDARD_LIBRARIES = YES;
				CODE_SIGN_STYLE = Automatic;
				CURRENT_PROJECT_VERSION = 1;
				GENERATE_INFOPLIST_FILE = YES;
				MARKETING_VERSION = 1.0;
				PRODUCT_BUNDLE_IDENTIFIER = IosSwiftUI.ex02UITests;
				PRODUCT_NAME = "$(TARGET_NAME)";
				SWIFT_EMIT_LOC_STRINGS = NO;
				SWIFT_VERSION = 5.0;
				TARGETED_DEVICE_FAMILY = "1,2";
				TEST_TARGET_NAME = ex02;
			};
			name = Debug;
		};
		F15E73772B9B367200207B4B /* Release */ = {
			isa = XCBuildConfiguration;
			buildSettings = {
				ALWAYS_EMBED_SWIFT_STANDARD_LIBRARIES = YES;
				CODE_SIGN_STYLE = Automatic;
				CURRENT_PROJECT_VERSION = 1;
				GENERATE_INFOPLIST_FILE = YES;
				MARKETING_VERSION = 1.0;
				PRODUCT_BUNDLE_IDENTIFIER = IosSwiftUI.ex02UITests;
				PRODUCT_NAME = "$(TARGET_NAME)";
				SWIFT_EMIT_LOC_STRINGS = NO;
				SWIFT_VERSION = 5.0;
				TARGETED_DEVICE_FAMILY = "1,2";
				TEST_TARGET_NAME = ex02;
			};
			name = Release;
		};
/* End XCBuildConfiguration section */

/* Begin XCConfigurationList section */
		F15E73402B9B367000207B4B /* Build configuration list for PBXProject "ex02" */ = {
			isa = XCConfigurationList;
			buildConfigurations = (
				F15E736D2B9B367200207B4B /* Debug */,
				F15E736E2B9B367200207B4B /* Release */,
			);
			defaultConfigurationIsVisible = 0;
			defaultConfigurationName = Release;
		};
		F15E736F2B9B367200207B4B /* Build configuration list for PBXNativeTarget "ex02" */ = {
			isa = XCConfigurationList;
			buildConfigurations = (
				F15E73702B9B367200207B4B /* Debug */,
				F15E73712B9B367200207B4B /* Release */,
			);
			defaultConfigurationIsVisible = 0;
			defaultConfigurationName = Release;
		};
		F15E73722B9B367200207B4B /* Build configuration list for PBXNativeTarget "ex02Tests" */ = {
			isa = XCConfigurationList;
			buildConfigurations = (
				F15E73732B9B367200207B4B /* Debug */,
				F15E73742B9B367200207B4B /* Release */,
			);
			defaultConfigurationIsVisible = 0;
			defaultConfigurationName = Release;
		};
		F15E73752B9B367200207B4B /* Build configuration list for PBXNativeTarget "ex02UITests" */ = {
			isa = XCConfigurationList;
			buildConfigurations = (
				F15E73762B9B367200207B4B /* Debug */,
				F15E73772B9B367200207B4B /* Release */,
			);
			defaultConfigurationIsVisible = 0;
			defaultConfigurationName = Release;
		};
/* End XCConfigurationList section */

/* Begin XCRemoteSwiftPackageReference section */
		F144FB532BA5CDC700360B53 /* XCRemoteSwiftPackageReference "Expression" */ = {
			isa = XCRemoteSwiftPackageReference;
			repositoryURL = "https://github.com/nicklockwood/Expression";
			requirement = {
				kind = upToNextMajorVersion;
				minimumVersion = 0.13.8;
			};
		};
/* End XCRemoteSwiftPackageReference section */

/* Begin XCSwiftPackageProductDependency section */
		F144FB542BA5CDC700360B53 /* Expression */ = {
			isa = XCSwiftPackageProductDependency;
			package = F144FB532BA5CDC700360B53 /* XCRemoteSwiftPackageReference "Expression" */;
			productName = Expression;
		};
/* End XCSwiftPackageProductDependency section */
	};
	rootObject = F15E733D2B9B367000207B4B /* Project object */;
}
