// !$*UTF8*$!
{
	archiveVersion = 1;
	classes = {
	};
	objectVersion = 56;
	objects = {

/* Begin PBXBuildFile section */
		F1A1C4FB2BB594ED0024BA6E /* AppDelegate.swift in Sources */ = {isa = PBXBuildFile; fileRef = F1A1C4FA2BB594ED0024BA6E /* AppDelegate.swift */; };
		F1A1C4FD2BB594ED0024BA6E /* SceneDelegate.swift in Sources */ = {isa = PBXBuildFile; fileRef = F1A1C4FC2BB594ED0024BA6E /* SceneDelegate.swift */; };
		F1A1C4FF2BB594ED0024BA6E /* ViewController.swift in Sources */ = {isa = PBXBuildFile; fileRef = F1A1C4FE2BB594ED0024BA6E /* ViewController.swift */; };
		F1A1C5042BB594EE0024BA6E /* Assets.xcassets in Resources */ = {isa = PBXBuildFile; fileRef = F1A1C5032BB594EE0024BA6E /* Assets.xcassets */; };
		F1A1C5122BB594EE0024BA6E /* weather_projTests.swift in Sources */ = {isa = PBXBuildFile; fileRef = F1A1C5112BB594EE0024BA6E /* weather_projTests.swift */; };
		F1A1C51C2BB594EE0024BA6E /* weather_projUITests.swift in Sources */ = {isa = PBXBuildFile; fileRef = F1A1C51B2BB594EE0024BA6E /* weather_projUITests.swift */; };
		F1A1C51E2BB594EE0024BA6E /* weather_projUITestsLaunchTests.swift in Sources */ = {isa = PBXBuildFile; fileRef = F1A1C51D2BB594EE0024BA6E /* weather_projUITestsLaunchTests.swift */; };
		F1A1C52B2BB59F1C0024BA6E /* DIsPlayTextProtocol.swift in Sources */ = {isa = PBXBuildFile; fileRef = F1A1C52A2BB59F1C0024BA6E /* DIsPlayTextProtocol.swift */; };
/* End PBXBuildFile section */

/* Begin PBXContainerItemProxy section */
		F1A1C50E2BB594EE0024BA6E /* PBXContainerItemProxy */ = {
			isa = PBXContainerItemProxy;
			containerPortal = F1A1C4EF2BB594ED0024BA6E /* Project object */;
			proxyType = 1;
			remoteGlobalIDString = F1A1C4F62BB594ED0024BA6E;
			remoteInfo = weather_proj;
		};
		F1A1C5182BB594EE0024BA6E /* PBXContainerItemProxy */ = {
			isa = PBXContainerItemProxy;
			containerPortal = F1A1C4EF2BB594ED0024BA6E /* Project object */;
			proxyType = 1;
			remoteGlobalIDString = F1A1C4F62BB594ED0024BA6E;
			remoteInfo = weather_proj;
		};
/* End PBXContainerItemProxy section */

/* Begin PBXFileReference section */
		F1A1C4F72BB594ED0024BA6E /* weather_proj.app */ = {isa = PBXFileReference; explicitFileType = wrapper.application; includeInIndex = 0; path = weather_proj.app; sourceTree = BUILT_PRODUCTS_DIR; };
		F1A1C4FA2BB594ED0024BA6E /* AppDelegate.swift */ = {isa = PBXFileReference; lastKnownFileType = sourcecode.swift; path = AppDelegate.swift; sourceTree = "<group>"; };
		F1A1C4FC2BB594ED0024BA6E /* SceneDelegate.swift */ = {isa = PBXFileReference; lastKnownFileType = sourcecode.swift; path = SceneDelegate.swift; sourceTree = "<group>"; };
		F1A1C4FE2BB594ED0024BA6E /* ViewController.swift */ = {isa = PBXFileReference; lastKnownFileType = sourcecode.swift; path = ViewController.swift; sourceTree = "<group>"; };
		F1A1C5032BB594EE0024BA6E /* Assets.xcassets */ = {isa = PBXFileReference; lastKnownFileType = folder.assetcatalog; path = Assets.xcassets; sourceTree = "<group>"; };
		F1A1C5082BB594EE0024BA6E /* Info.plist */ = {isa = PBXFileReference; lastKnownFileType = text.plist.xml; path = Info.plist; sourceTree = "<group>"; };
		F1A1C50D2BB594EE0024BA6E /* weather_projTests.xctest */ = {isa = PBXFileReference; explicitFileType = wrapper.cfbundle; includeInIndex = 0; path = weather_projTests.xctest; sourceTree = BUILT_PRODUCTS_DIR; };
		F1A1C5112BB594EE0024BA6E /* weather_projTests.swift */ = {isa = PBXFileReference; lastKnownFileType = sourcecode.swift; path = weather_projTests.swift; sourceTree = "<group>"; };
		F1A1C5172BB594EE0024BA6E /* weather_projUITests.xctest */ = {isa = PBXFileReference; explicitFileType = wrapper.cfbundle; includeInIndex = 0; path = weather_projUITests.xctest; sourceTree = BUILT_PRODUCTS_DIR; };
		F1A1C51B2BB594EE0024BA6E /* weather_projUITests.swift */ = {isa = PBXFileReference; lastKnownFileType = sourcecode.swift; path = weather_projUITests.swift; sourceTree = "<group>"; };
		F1A1C51D2BB594EE0024BA6E /* weather_projUITestsLaunchTests.swift */ = {isa = PBXFileReference; lastKnownFileType = sourcecode.swift; path = weather_projUITestsLaunchTests.swift; sourceTree = "<group>"; };
		F1A1C52A2BB59F1C0024BA6E /* DIsPlayTextProtocol.swift */ = {isa = PBXFileReference; lastKnownFileType = sourcecode.swift; path = DIsPlayTextProtocol.swift; sourceTree = "<group>"; };
/* End PBXFileReference section */

/* Begin PBXFrameworksBuildPhase section */
		F1A1C4F42BB594ED0024BA6E /* Frameworks */ = {
			isa = PBXFrameworksBuildPhase;
			buildActionMask = 2147483647;
			files = (
			);
			runOnlyForDeploymentPostprocessing = 0;
		};
		F1A1C50A2BB594EE0024BA6E /* Frameworks */ = {
			isa = PBXFrameworksBuildPhase;
			buildActionMask = 2147483647;
			files = (
			);
			runOnlyForDeploymentPostprocessing = 0;
		};
		F1A1C5142BB594EE0024BA6E /* Frameworks */ = {
			isa = PBXFrameworksBuildPhase;
			buildActionMask = 2147483647;
			files = (
			);
			runOnlyForDeploymentPostprocessing = 0;
		};
/* End PBXFrameworksBuildPhase section */

/* Begin PBXGroup section */
		F1A1C4EE2BB594ED0024BA6E = {
			isa = PBXGroup;
			children = (
				F1A1C4F92BB594ED0024BA6E /* weather_proj */,
				F1A1C5102BB594EE0024BA6E /* weather_projTests */,
				F1A1C51A2BB594EE0024BA6E /* weather_projUITests */,
				F1A1C4F82BB594ED0024BA6E /* Products */,
			);
			sourceTree = "<group>";
		};
		F1A1C4F82BB594ED0024BA6E /* Products */ = {
			isa = PBXGroup;
			children = (
				F1A1C4F72BB594ED0024BA6E /* weather_proj.app */,
				F1A1C50D2BB594EE0024BA6E /* weather_projTests.xctest */,
				F1A1C5172BB594EE0024BA6E /* weather_projUITests.xctest */,
			);
			name = Products;
			sourceTree = "<group>";
		};
		F1A1C4F92BB594ED0024BA6E /* weather_proj */ = {
			isa = PBXGroup;
			children = (
				F1A1C4FA2BB594ED0024BA6E /* AppDelegate.swift */,
				F1A1C4FC2BB594ED0024BA6E /* SceneDelegate.swift */,
				F1A1C4FE2BB594ED0024BA6E /* ViewController.swift */,
				F1A1C5032BB594EE0024BA6E /* Assets.xcassets */,
				F1A1C5082BB594EE0024BA6E /* Info.plist */,
				F1A1C52A2BB59F1C0024BA6E /* DIsPlayTextProtocol.swift */,
			);
			path = weather_proj;
			sourceTree = "<group>";
		};
		F1A1C5102BB594EE0024BA6E /* weather_projTests */ = {
			isa = PBXGroup;
			children = (
				F1A1C5112BB594EE0024BA6E /* weather_projTests.swift */,
			);
			path = weather_projTests;
			sourceTree = "<group>";
		};
		F1A1C51A2BB594EE0024BA6E /* weather_projUITests */ = {
			isa = PBXGroup;
			children = (
				F1A1C51B2BB594EE0024BA6E /* weather_projUITests.swift */,
				F1A1C51D2BB594EE0024BA6E /* weather_projUITestsLaunchTests.swift */,
			);
			path = weather_projUITests;
			sourceTree = "<group>";
		};
/* End PBXGroup section */

/* Begin PBXNativeTarget section */
		F1A1C4F62BB594ED0024BA6E /* weather_proj */ = {
			isa = PBXNativeTarget;
			buildConfigurationList = F1A1C5212BB594EE0024BA6E /* Build configuration list for PBXNativeTarget "weather_proj" */;
			buildPhases = (
				F1A1C4F32BB594ED0024BA6E /* Sources */,
				F1A1C4F42BB594ED0024BA6E /* Frameworks */,
				F1A1C4F52BB594ED0024BA6E /* Resources */,
			);
			buildRules = (
			);
			dependencies = (
			);
			name = weather_proj;
			productName = weather_proj;
			productReference = F1A1C4F72BB594ED0024BA6E /* weather_proj.app */;
			productType = "com.apple.product-type.application";
		};
		F1A1C50C2BB594EE0024BA6E /* weather_projTests */ = {
			isa = PBXNativeTarget;
			buildConfigurationList = F1A1C5242BB594EE0024BA6E /* Build configuration list for PBXNativeTarget "weather_projTests" */;
			buildPhases = (
				F1A1C5092BB594EE0024BA6E /* Sources */,
				F1A1C50A2BB594EE0024BA6E /* Frameworks */,
				F1A1C50B2BB594EE0024BA6E /* Resources */,
			);
			buildRules = (
			);
			dependencies = (
				F1A1C50F2BB594EE0024BA6E /* PBXTargetDependency */,
			);
			name = weather_projTests;
			productName = weather_projTests;
			productReference = F1A1C50D2BB594EE0024BA6E /* weather_projTests.xctest */;
			productType = "com.apple.product-type.bundle.unit-test";
		};
		F1A1C5162BB594EE0024BA6E /* weather_projUITests */ = {
			isa = PBXNativeTarget;
			buildConfigurationList = F1A1C5272BB594EE0024BA6E /* Build configuration list for PBXNativeTarget "weather_projUITests" */;
			buildPhases = (
				F1A1C5132BB594EE0024BA6E /* Sources */,
				F1A1C5142BB594EE0024BA6E /* Frameworks */,
				F1A1C5152BB594EE0024BA6E /* Resources */,
			);
			buildRules = (
			);
			dependencies = (
				F1A1C5192BB594EE0024BA6E /* PBXTargetDependency */,
			);
			name = weather_projUITests;
			productName = weather_projUITests;
			productReference = F1A1C5172BB594EE0024BA6E /* weather_projUITests.xctest */;
			productType = "com.apple.product-type.bundle.ui-testing";
		};
/* End PBXNativeTarget section */

/* Begin PBXProject section */
		F1A1C4EF2BB594ED0024BA6E /* Project object */ = {
			isa = PBXProject;
			attributes = {
				BuildIndependentTargetsInParallel = 1;
				LastSwiftUpdateCheck = 1520;
				LastUpgradeCheck = 1520;
				TargetAttributes = {
					F1A1C4F62BB594ED0024BA6E = {
						CreatedOnToolsVersion = 15.2;
					};
					F1A1C50C2BB594EE0024BA6E = {
						CreatedOnToolsVersion = 15.2;
						TestTargetID = F1A1C4F62BB594ED0024BA6E;
					};
					F1A1C5162BB594EE0024BA6E = {
						CreatedOnToolsVersion = 15.2;
						TestTargetID = F1A1C4F62BB594ED0024BA6E;
					};
				};
			};
			buildConfigurationList = F1A1C4F22BB594ED0024BA6E /* Build configuration list for PBXProject "weather_proj" */;
			compatibilityVersion = "Xcode 14.0";
			developmentRegion = en;
			hasScannedForEncodings = 0;
			knownRegions = (
				en,
				Base,
			);
			mainGroup = F1A1C4EE2BB594ED0024BA6E;
			productRefGroup = F1A1C4F82BB594ED0024BA6E /* Products */;
			projectDirPath = "";
			projectRoot = "";
			targets = (
				F1A1C4F62BB594ED0024BA6E /* weather_proj */,
				F1A1C50C2BB594EE0024BA6E /* weather_projTests */,
				F1A1C5162BB594EE0024BA6E /* weather_projUITests */,
			);
		};
/* End PBXProject section */

/* Begin PBXResourcesBuildPhase section */
		F1A1C4F52BB594ED0024BA6E /* Resources */ = {
			isa = PBXResourcesBuildPhase;
			buildActionMask = 2147483647;
			files = (
				F1A1C5042BB594EE0024BA6E /* Assets.xcassets in Resources */,
			);
			runOnlyForDeploymentPostprocessing = 0;
		};
		F1A1C50B2BB594EE0024BA6E /* Resources */ = {
			isa = PBXResourcesBuildPhase;
			buildActionMask = 2147483647;
			files = (
			);
			runOnlyForDeploymentPostprocessing = 0;
		};
		F1A1C5152BB594EE0024BA6E /* Resources */ = {
			isa = PBXResourcesBuildPhase;
			buildActionMask = 2147483647;
			files = (
			);
			runOnlyForDeploymentPostprocessing = 0;
		};
/* End PBXResourcesBuildPhase section */

/* Begin PBXSourcesBuildPhase section */
		F1A1C4F32BB594ED0024BA6E /* Sources */ = {
			isa = PBXSourcesBuildPhase;
			buildActionMask = 2147483647;
			files = (
				F1A1C4FF2BB594ED0024BA6E /* ViewController.swift in Sources */,
				F1A1C52B2BB59F1C0024BA6E /* DIsPlayTextProtocol.swift in Sources */,
				F1A1C4FB2BB594ED0024BA6E /* AppDelegate.swift in Sources */,
				F1A1C4FD2BB594ED0024BA6E /* SceneDelegate.swift in Sources */,
			);
			runOnlyForDeploymentPostprocessing = 0;
		};
		F1A1C5092BB594EE0024BA6E /* Sources */ = {
			isa = PBXSourcesBuildPhase;
			buildActionMask = 2147483647;
			files = (
				F1A1C5122BB594EE0024BA6E /* weather_projTests.swift in Sources */,
			);
			runOnlyForDeploymentPostprocessing = 0;
		};
		F1A1C5132BB594EE0024BA6E /* Sources */ = {
			isa = PBXSourcesBuildPhase;
			buildActionMask = 2147483647;
			files = (
				F1A1C51E2BB594EE0024BA6E /* weather_projUITestsLaunchTests.swift in Sources */,
				F1A1C51C2BB594EE0024BA6E /* weather_projUITests.swift in Sources */,
			);
			runOnlyForDeploymentPostprocessing = 0;
		};
/* End PBXSourcesBuildPhase section */

/* Begin PBXTargetDependency section */
		F1A1C50F2BB594EE0024BA6E /* PBXTargetDependency */ = {
			isa = PBXTargetDependency;
			target = F1A1C4F62BB594ED0024BA6E /* weather_proj */;
			targetProxy = F1A1C50E2BB594EE0024BA6E /* PBXContainerItemProxy */;
		};
		F1A1C5192BB594EE0024BA6E /* PBXTargetDependency */ = {
			isa = PBXTargetDependency;
			target = F1A1C4F62BB594ED0024BA6E /* weather_proj */;
			targetProxy = F1A1C5182BB594EE0024BA6E /* PBXContainerItemProxy */;
		};
/* End PBXTargetDependency section */

/* Begin XCBuildConfiguration section */
		F1A1C51F2BB594EE0024BA6E /* Debug */ = {
			isa = XCBuildConfiguration;
			buildSettings = {
				ALWAYS_SEARCH_USER_PATHS = NO;
				ASSETCATALOG_COMPILER_GENERATE_SWIFT_ASSET_SYMBOL_EXTENSIONS = YES;
				CLANG_ANALYZER_NONNULL = YES;
				CLANG_ANALYZER_NUMBER_OBJECT_CONVERSION = YES_AGGRESSIVE;
				CLANG_CXX_LANGUAGE_STANDARD = "gnu++20";
				CLANG_ENABLE_MODULES = YES;
				CLANG_ENABLE_OBJC_ARC = YES;
				CLANG_ENABLE_OBJC_WEAK = YES;
				CLANG_WARN_BLOCK_CAPTURE_AUTORELEASING = YES;
				CLANG_WARN_BOOL_CONVERSION = YES;
				CLANG_WARN_COMMA = YES;
				CLANG_WARN_CONSTANT_CONVERSION = YES;
				CLANG_WARN_DEPRECATED_OBJC_IMPLEMENTATIONS = YES;
				CLANG_WARN_DIRECT_OBJC_ISA_USAGE = YES_ERROR;
				CLANG_WARN_DOCUMENTATION_COMMENTS = YES;
				CLANG_WARN_EMPTY_BODY = YES;
				CLANG_WARN_ENUM_CONVERSION = YES;
				CLANG_WARN_INFINITE_RECURSION = YES;
				CLANG_WARN_INT_CONVERSION = YES;
				CLANG_WARN_NON_LITERAL_NULL_CONVERSION = YES;
				CLANG_WARN_OBJC_IMPLICIT_RETAIN_SELF = YES;
				CLANG_WARN_OBJC_LITERAL_CONVERSION = YES;
				CLANG_WARN_OBJC_ROOT_CLASS = YES_ERROR;
				CLANG_WARN_QUOTED_INCLUDE_IN_FRAMEWORK_HEADER = YES;
				CLANG_WARN_RANGE_LOOP_ANALYSIS = YES;
				CLANG_WARN_STRICT_PROTOTYPES = YES;
				CLANG_WARN_SUSPICIOUS_MOVE = YES;
				CLANG_WARN_UNGUARDED_AVAILABILITY = YES_AGGRESSIVE;
				CLANG_WARN_UNREACHABLE_CODE = YES;
				CLANG_WARN__DUPLICATE_METHOD_MATCH = YES;
				COPY_PHASE_STRIP = NO;
				DEBUG_INFORMATION_FORMAT = dwarf;
				ENABLE_STRICT_OBJC_MSGSEND = YES;
				ENABLE_TESTABILITY = YES;
				ENABLE_USER_SCRIPT_SANDBOXING = YES;
				GCC_C_LANGUAGE_STANDARD = gnu17;
				GCC_DYNAMIC_NO_PIC = NO;
				GCC_NO_COMMON_BLOCKS = YES;
				GCC_OPTIMIZATION_LEVEL = 0;
				GCC_PREPROCESSOR_DEFINITIONS = (
					"DEBUG=1",
					"$(inherited)",
				);
				GCC_WARN_64_TO_32_BIT_CONVERSION = YES;
				GCC_WARN_ABOUT_RETURN_TYPE = YES_ERROR;
				GCC_WARN_UNDECLARED_SELECTOR = YES;
				GCC_WARN_UNINITIALIZED_AUTOS = YES_AGGRESSIVE;
				GCC_WARN_UNUSED_FUNCTION = YES;
				GCC_WARN_UNUSED_VARIABLE = YES;
				IPHONEOS_DEPLOYMENT_TARGET = 17.2;
				LOCALIZATION_PREFERS_STRING_CATALOGS = YES;
				MTL_ENABLE_DEBUG_INFO = INCLUDE_SOURCE;
				MTL_FAST_MATH = YES;
				ONLY_ACTIVE_ARCH = YES;
				SDKROOT = iphoneos;
				SWIFT_ACTIVE_COMPILATION_CONDITIONS = "DEBUG $(inherited)";
				SWIFT_OPTIMIZATION_LEVEL = "-Onone";
			};
			name = Debug;
		};
		F1A1C5202BB594EE0024BA6E /* Release */ = {
			isa = XCBuildConfiguration;
			buildSettings = {
				ALWAYS_SEARCH_USER_PATHS = NO;
				ASSETCATALOG_COMPILER_GENERATE_SWIFT_ASSET_SYMBOL_EXTENSIONS = YES;
				CLANG_ANALYZER_NONNULL = YES;
				CLANG_ANALYZER_NUMBER_OBJECT_CONVERSION = YES_AGGRESSIVE;
				CLANG_CXX_LANGUAGE_STANDARD = "gnu++20";
				CLANG_ENABLE_MODULES = YES;
				CLANG_ENABLE_OBJC_ARC = YES;
				CLANG_ENABLE_OBJC_WEAK = YES;
				CLANG_WARN_BLOCK_CAPTURE_AUTORELEASING = YES;
				CLANG_WARN_BOOL_CONVERSION = YES;
				CLANG_WARN_COMMA = YES;
				CLANG_WARN_CONSTANT_CONVERSION = YES;
				CLANG_WARN_DEPRECATED_OBJC_IMPLEMENTATIONS = YES;
				CLANG_WARN_DIRECT_OBJC_ISA_USAGE = YES_ERROR;
				CLANG_WARN_DOCUMENTATION_COMMENTS = YES;
				CLANG_WARN_EMPTY_BODY = YES;
				CLANG_WARN_ENUM_CONVERSION = YES;
				CLANG_WARN_INFINITE_RECURSION = YES;
				CLANG_WARN_INT_CONVERSION = YES;
				CLANG_WARN_NON_LITERAL_NULL_CONVERSION = YES;
				CLANG_WARN_OBJC_IMPLICIT_RETAIN_SELF = YES;
				CLANG_WARN_OBJC_LITERAL_CONVERSION = YES;
				CLANG_WARN_OBJC_ROOT_CLASS = YES_ERROR;
				CLANG_WARN_QUOTED_INCLUDE_IN_FRAMEWORK_HEADER = YES;
				CLANG_WARN_RANGE_LOOP_ANALYSIS = YES;
				CLANG_WARN_STRICT_PROTOTYPES = YES;
				CLANG_WARN_SUSPICIOUS_MOVE = YES;
				CLANG_WARN_UNGUARDED_AVAILABILITY = YES_AGGRESSIVE;
				CLANG_WARN_UNREACHABLE_CODE = YES;
				CLANG_WARN__DUPLICATE_METHOD_MATCH = YES;
				COPY_PHASE_STRIP = NO;
				DEBUG_INFORMATION_FORMAT = "dwarf-with-dsym";
				ENABLE_NS_ASSERTIONS = NO;
				ENABLE_STRICT_OBJC_MSGSEND = YES;
				ENABLE_USER_SCRIPT_SANDBOXING = YES;
				GCC_C_LANGUAGE_STANDARD = gnu17;
				GCC_NO_COMMON_BLOCKS = YES;
				GCC_WARN_64_TO_32_BIT_CONVERSION = YES;
				GCC_WARN_ABOUT_RETURN_TYPE = YES_ERROR;
				GCC_WARN_UNDECLARED_SELECTOR = YES;
				GCC_WARN_UNINITIALIZED_AUTOS = YES_AGGRESSIVE;
				GCC_WARN_UNUSED_FUNCTION = YES;
				GCC_WARN_UNUSED_VARIABLE = YES;
				IPHONEOS_DEPLOYMENT_TARGET = 17.2;
				LOCALIZATION_PREFERS_STRING_CATALOGS = YES;
				MTL_ENABLE_DEBUG_INFO = NO;
				MTL_FAST_MATH = YES;
				SDKROOT = iphoneos;
				SWIFT_COMPILATION_MODE = wholemodule;
				VALIDATE_PRODUCT = YES;
			};
			name = Release;
		};
		F1A1C5222BB594EE0024BA6E /* Debug */ = {
			isa = XCBuildConfiguration;
			buildSettings = {
				ASSETCATALOG_COMPILER_APPICON_NAME = AppIcon;
				ASSETCATALOG_COMPILER_GLOBAL_ACCENT_COLOR_NAME = AccentColor;
				CODE_SIGN_STYLE = Automatic;
				CURRENT_PROJECT_VERSION = 1;
				DEVELOPMENT_TEAM = 465YLY6LB3;
				GENERATE_INFOPLIST_FILE = YES;
				INFOPLIST_FILE = weather_proj/Info.plist;
				INFOPLIST_KEY_UIApplicationSupportsIndirectInputEvents = YES;
				INFOPLIST_KEY_UILaunchStoryboardName = LaunchScreen;
				INFOPLIST_KEY_UIMainStoryboardFile = "";
				INFOPLIST_KEY_UISupportedInterfaceOrientations_iPad = "UIInterfaceOrientationPortrait UIInterfaceOrientationPortraitUpsideDown UIInterfaceOrientationLandscapeLeft UIInterfaceOrientationLandscapeRight";
				INFOPLIST_KEY_UISupportedInterfaceOrientations_iPhone = "UIInterfaceOrientationPortrait UIInterfaceOrientationLandscapeLeft UIInterfaceOrientationLandscapeRight";
				LD_RUNPATH_SEARCH_PATHS = (
					"$(inherited)",
					"@executable_path/Frameworks",
				);
				MARKETING_VERSION = 1.0;
				PRODUCT_BUNDLE_IDENTIFIER = "IosSwiftUI.weather-proj";
				PRODUCT_NAME = "$(TARGET_NAME)";
				SWIFT_EMIT_LOC_STRINGS = YES;
				SWIFT_VERSION = 5.0;
				TARGETED_DEVICE_FAMILY = "1,2";
			};
			name = Debug;
		};
		F1A1C5232BB594EE0024BA6E /* Release */ = {
			isa = XCBuildConfiguration;
			buildSettings = {
				ASSETCATALOG_COMPILER_APPICON_NAME = AppIcon;
				ASSETCATALOG_COMPILER_GLOBAL_ACCENT_COLOR_NAME = AccentColor;
				CODE_SIGN_STYLE = Automatic;
				CURRENT_PROJECT_VERSION = 1;
				DEVELOPMENT_TEAM = 465YLY6LB3;
				GENERATE_INFOPLIST_FILE = YES;
				INFOPLIST_FILE = weather_proj/Info.plist;
				INFOPLIST_KEY_UIApplicationSupportsIndirectInputEvents = YES;
				INFOPLIST_KEY_UILaunchStoryboardName = LaunchScreen;
				INFOPLIST_KEY_UIMainStoryboardFile = "";
				INFOPLIST_KEY_UISupportedInterfaceOrientations_iPad = "UIInterfaceOrientationPortrait UIInterfaceOrientationPortraitUpsideDown UIInterfaceOrientationLandscapeLeft UIInterfaceOrientationLandscapeRight";
				INFOPLIST_KEY_UISupportedInterfaceOrientations_iPhone = "UIInterfaceOrientationPortrait UIInterfaceOrientationLandscapeLeft UIInterfaceOrientationLandscapeRight";
				LD_RUNPATH_SEARCH_PATHS = (
					"$(inherited)",
					"@executable_path/Frameworks",
				);
				MARKETING_VERSION = 1.0;
				PRODUCT_BUNDLE_IDENTIFIER = "IosSwiftUI.weather-proj";
				PRODUCT_NAME = "$(TARGET_NAME)";
				SWIFT_EMIT_LOC_STRINGS = YES;
				SWIFT_VERSION = 5.0;
				TARGETED_DEVICE_FAMILY = "1,2";
			};
			name = Release;
		};
		F1A1C5252BB594EE0024BA6E /* Debug */ = {
			isa = XCBuildConfiguration;
			buildSettings = {
				ALWAYS_EMBED_SWIFT_STANDARD_LIBRARIES = YES;
				BUNDLE_LOADER = "$(TEST_HOST)";
				CODE_SIGN_STYLE = Automatic;
				CURRENT_PROJECT_VERSION = 1;
				GENERATE_INFOPLIST_FILE = YES;
				IPHONEOS_DEPLOYMENT_TARGET = 17.2;
				MARKETING_VERSION = 1.0;
				PRODUCT_BUNDLE_IDENTIFIER = "IosSwiftUI.weather-projTests";
				PRODUCT_NAME = "$(TARGET_NAME)";
				SWIFT_EMIT_LOC_STRINGS = NO;
				SWIFT_VERSION = 5.0;
				TARGETED_DEVICE_FAMILY = "1,2";
				TEST_HOST = "$(BUILT_PRODUCTS_DIR)/weather_proj.app/$(BUNDLE_EXECUTABLE_FOLDER_PATH)/weather_proj";
			};
			name = Debug;
		};
		F1A1C5262BB594EE0024BA6E /* Release */ = {
			isa = XCBuildConfiguration;
			buildSettings = {
				ALWAYS_EMBED_SWIFT_STANDARD_LIBRARIES = YES;
				BUNDLE_LOADER = "$(TEST_HOST)";
				CODE_SIGN_STYLE = Automatic;
				CURRENT_PROJECT_VERSION = 1;
				GENERATE_INFOPLIST_FILE = YES;
				IPHONEOS_DEPLOYMENT_TARGET = 17.2;
				MARKETING_VERSION = 1.0;
				PRODUCT_BUNDLE_IDENTIFIER = "IosSwiftUI.weather-projTests";
				PRODUCT_NAME = "$(TARGET_NAME)";
				SWIFT_EMIT_LOC_STRINGS = NO;
				SWIFT_VERSION = 5.0;
				TARGETED_DEVICE_FAMILY = "1,2";
				TEST_HOST = "$(BUILT_PRODUCTS_DIR)/weather_proj.app/$(BUNDLE_EXECUTABLE_FOLDER_PATH)/weather_proj";
			};
			name = Release;
		};
		F1A1C5282BB594EE0024BA6E /* Debug */ = {
			isa = XCBuildConfiguration;
			buildSettings = {
				ALWAYS_EMBED_SWIFT_STANDARD_LIBRARIES = YES;
				CODE_SIGN_STYLE = Automatic;
				CURRENT_PROJECT_VERSION = 1;
				GENERATE_INFOPLIST_FILE = YES;
				MARKETING_VERSION = 1.0;
				PRODUCT_BUNDLE_IDENTIFIER = "IosSwiftUI.weather-projUITests";
				PRODUCT_NAME = "$(TARGET_NAME)";
				SWIFT_EMIT_LOC_STRINGS = NO;
				SWIFT_VERSION = 5.0;
				TARGETED_DEVICE_FAMILY = "1,2";
				TEST_TARGET_NAME = weather_proj;
			};
			name = Debug;
		};
		F1A1C5292BB594EE0024BA6E /* Release */ = {
			isa = XCBuildConfiguration;
			buildSettings = {
				ALWAYS_EMBED_SWIFT_STANDARD_LIBRARIES = YES;
				CODE_SIGN_STYLE = Automatic;
				CURRENT_PROJECT_VERSION = 1;
				GENERATE_INFOPLIST_FILE = YES;
				MARKETING_VERSION = 1.0;
				PRODUCT_BUNDLE_IDENTIFIER = "IosSwiftUI.weather-projUITests";
				PRODUCT_NAME = "$(TARGET_NAME)";
				SWIFT_EMIT_LOC_STRINGS = NO;
				SWIFT_VERSION = 5.0;
				TARGETED_DEVICE_FAMILY = "1,2";
				TEST_TARGET_NAME = weather_proj;
			};
			name = Release;
		};
/* End XCBuildConfiguration section */

/* Begin XCConfigurationList section */
		F1A1C4F22BB594ED0024BA6E /* Build configuration list for PBXProject "weather_proj" */ = {
			isa = XCConfigurationList;
			buildConfigurations = (
				F1A1C51F2BB594EE0024BA6E /* Debug */,
				F1A1C5202BB594EE0024BA6E /* Release */,
			);
			defaultConfigurationIsVisible = 0;
			defaultConfigurationName = Release;
		};
		F1A1C5212BB594EE0024BA6E /* Build configuration list for PBXNativeTarget "weather_proj" */ = {
			isa = XCConfigurationList;
			buildConfigurations = (
				F1A1C5222BB594EE0024BA6E /* Debug */,
				F1A1C5232BB594EE0024BA6E /* Release */,
			);
			defaultConfigurationIsVisible = 0;
			defaultConfigurationName = Release;
		};
		F1A1C5242BB594EE0024BA6E /* Build configuration list for PBXNativeTarget "weather_projTests" */ = {
			isa = XCConfigurationList;
			buildConfigurations = (
				F1A1C5252BB594EE0024BA6E /* Debug */,
				F1A1C5262BB594EE0024BA6E /* Release */,
			);
			defaultConfigurationIsVisible = 0;
			defaultConfigurationName = Release;
		};
		F1A1C5272BB594EE0024BA6E /* Build configuration list for PBXNativeTarget "weather_projUITests" */ = {
			isa = XCConfigurationList;
			buildConfigurations = (
				F1A1C5282BB594EE0024BA6E /* Debug */,
				F1A1C5292BB594EE0024BA6E /* Release */,
			);
			defaultConfigurationIsVisible = 0;
			defaultConfigurationName = Release;
		};
/* End XCConfigurationList section */
	};
	rootObject = F1A1C4EF2BB594ED0024BA6E /* Project object */;
}
